
Microsoft Visual Studio Solution File, Format Version 12.00
# Visual Studio 15
VisualStudioVersion = 15.0.26124.0
MinimumVisualStudioVersion = 15.0.26124.0
Project("{FAE04EC0-301F-11D3-BF4B-00C04F79EFBC}") = "MyMath", "MyMath\MyMath.csproj", "{8E03A7A6-C492-42A0-8705-6BAA729AB7FF}"
EndProject
Project("{FAE04EC0-301F-11D3-BF4B-00C04F79EFBC}") = "MyMath.Tests", "MyMath.Tests\MyMath.Tests.csproj", "{D1E77614-F17A-4E3C-9DE6-683C4C6E01EE}"
EndProject
Global
	GlobalSection(SolutionConfigurationPlatforms) = preSolution
		Debug|Any CPU = Debug|Any CPU
		Debug|x64 = Debug|x64
		Debug|x86 = Debug|x86
		Release|Any CPU = Release|Any CPU
		Release|x64 = Release|x64
		Release|x86 = Release|x86
	EndGlobalSection
	GlobalSection(SolutionProperties) = preSolution
		HideSolutionNode = FALSE
	EndGlobalSection
	GlobalSection(ProjectConfigurationPlatforms) = postSolution
		{8E03A7A6-C492-42A0-8705-6BAA729AB7FF}.Debug|Any CPU.ActiveCfg = Debug|Any CPU
		{8E03A7A6-C492-42A0-8705-6BAA729AB7FF}.Debug|Any CPU.Build.0 = Debug|Any CPU
		{8E03A7A6-C492-42A0-8705-6BAA729AB7FF}.Debug|x64.ActiveCfg = Debug|Any CPU
		{8E03A7A6-C492-42A0-8705-6BAA729AB7FF}.Debug|x64.Build.0 = Debug|Any CPU
		{8E03A7A6-C492-42A0-8705-6BAA729AB7FF}.Debug|x86.ActiveCfg = Debug|Any CPU
		{8E03A7A6-C492-42A0-8705-6BAA729AB7FF}.Debug|x86.Build.0 = Debug|Any CPU
		{8E03A7A6-C492-42A0-8705-6BAA729AB7FF}.Release|Any CPU.ActiveCfg = Release|Any CPU
		{8E03A7A6-C492-42A0-8705-6BAA729AB7FF}.Release|Any CPU.Build.0 = Release|Any CPU
		{8E03A7A6-C492-42A0-8705-6BAA729AB7FF}.Release|x64.ActiveCfg = Release|Any CPU
		{8E03A7A6-C492-42A0-8705-6BAA729AB7FF}.Release|x64.Build.0 = Release|Any CPU
		{8E03A7A6-C492-42A0-8705-6BAA729AB7FF}.Release|x86.ActiveCfg = Release|Any CPU
		{8E03A7A6-C492-42A0-8705-6BAA729AB7FF}.Release|x86.Build.0 = Release|Any CPU
		{D1E77614-F17A-4E3C-9DE6-683C4C6E01EE}.Debug|Any CPU.ActiveCfg = Debug|Any CPU
		{D1E77614-F17A-4E3C-9DE6-683C4C6E01EE}.Debug|Any CPU.Build.0 = Debug|Any CPU
		{D1E77614-F17A-4E3C-9DE6-683C4C6E01EE}.Debug|x64.ActiveCfg = Debug|Any CPU
		{D1E77614-F17A-4E3C-9DE6-683C4C6E01EE}.Debug|x64.Build.0 = Debug|Any CPU
		{D1E77614-F17A-4E3C-9DE6-683C4C6E01EE}.Debug|x86.ActiveCfg = Debug|Any CPU
		{D1E77614-F17A-4E3C-9DE6-683C4C6E01EE}.Debug|x86.Build.0 = Debug|Any CPU
		{D1E77614-F17A-4E3C-9DE6-683C4C6E01EE}.Release|Any CPU.ActiveCfg = Release|Any CPU
		{D1E77614-F17A-4E3C-9DE6-683C4C6E01EE}.Release|Any CPU.Build.0 = Release|Any CPU
		{D1E77614-F17A-4E3C-9DE6-683C4C6E01EE}.Release|x64.ActiveCfg = Release|Any CPU
		{D1E77614-F17A-4E3C-9DE6-683C4C6E01EE}.Release|x64.Build.0 = Release|Any CPU
		{D1E77614-F17A-4E3C-9DE6-683C4C6E01EE}.Release|x86.ActiveCfg = Release|Any CPU
		{D1E77614-F17A-4E3C-9DE6-683C4C6E01EE}.Release|x86.Build.0 = Release|Any CPU
	EndGlobalSection
EndGlobal
