
Microsoft Visual Studio Solution File, Format Version 12.00
# Visual Studio 15
VisualStudioVersion = 15.0.26124.0
MinimumVisualStudioVersion = 15.0.26124.0
Project("{FAE04EC0-301F-11D3-BF4B-00C04F79EFBC}") = "MyMath", "MyMath\MyMath.csproj", "{CB5092A1-A258-4A11-8516-EA03861DB52B}"
EndProject
Project("{FAE04EC0-301F-11D3-BF4B-00C04F79EFBC}") = "MyMath.Tests", "MyMath.Tests\MyMath.Tests.csproj", "{44DA186B-4839-4683-94D4-A02064710B3E}"
EndProject
Global
	GlobalSection(SolutionConfigurationPlatforms) = preSolution
		Debug|Any CPU = Debug|Any CPU
		Debug|x64 = Debug|x64
		Debug|x86 = Debug|x86
		Release|Any CPU = Release|Any CPU
		Release|x64 = Release|x64
		Release|x86 = Release|x86
	EndGlobalSection
	GlobalSection(SolutionProperties) = preSolution
		HideSolutionNode = FALSE
	EndGlobalSection
	GlobalSection(ProjectConfigurationPlatforms) = postSolution
		{CB5092A1-A258-4A11-8516-EA03861DB52B}.Debug|Any CPU.ActiveCfg = Debug|Any CPU
		{CB5092A1-A258-4A11-8516-EA03861DB52B}.Debug|Any CPU.Build.0 = Debug|Any CPU
		{CB5092A1-A258-4A11-8516-EA03861DB52B}.Debug|x64.ActiveCfg = Debug|Any CPU
		{CB5092A1-A258-4A11-8516-EA03861DB52B}.Debug|x64.Build.0 = Debug|Any CPU
		{CB5092A1-A258-4A11-8516-EA03861DB52B}.Debug|x86.ActiveCfg = Debug|Any CPU
		{CB5092A1-A258-4A11-8516-EA03861DB52B}.Debug|x86.Build.0 = Debug|Any CPU
		{CB5092A1-A258-4A11-8516-EA03861DB52B}.Release|Any CPU.ActiveCfg = Release|Any CPU
		{CB5092A1-A258-4A11-8516-EA03861DB52B}.Release|Any CPU.Build.0 = Release|Any CPU
		{CB5092A1-A258-4A11-8516-EA03861DB52B}.Release|x64.ActiveCfg = Release|Any CPU
		{CB5092A1-A258-4A11-8516-EA03861DB52B}.Release|x64.Build.0 = Release|Any CPU
		{CB5092A1-A258-4A11-8516-EA03861DB52B}.Release|x86.ActiveCfg = Release|Any CPU
		{CB5092A1-A258-4A11-8516-EA03861DB52B}.Release|x86.Build.0 = Release|Any CPU
		{44DA186B-4839-4683-94D4-A02064710B3E}.Debug|Any CPU.ActiveCfg = Debug|Any CPU
		{44DA186B-4839-4683-94D4-A02064710B3E}.Debug|Any CPU.Build.0 = Debug|Any CPU
		{44DA186B-4839-4683-94D4-A02064710B3E}.Debug|x64.ActiveCfg = Debug|Any CPU
		{44DA186B-4839-4683-94D4-A02064710B3E}.Debug|x64.Build.0 = Debug|Any CPU
		{44DA186B-4839-4683-94D4-A02064710B3E}.Debug|x86.ActiveCfg = Debug|Any CPU
		{44DA186B-4839-4683-94D4-A02064710B3E}.Debug|x86.Build.0 = Debug|Any CPU
		{44DA186B-4839-4683-94D4-A02064710B3E}.Release|Any CPU.ActiveCfg = Release|Any CPU
		{44DA186B-4839-4683-94D4-A02064710B3E}.Release|Any CPU.Build.0 = Release|Any CPU
		{44DA186B-4839-4683-94D4-A02064710B3E}.Release|x64.ActiveCfg = Release|Any CPU
		{44DA186B-4839-4683-94D4-A02064710B3E}.Release|x64.Build.0 = Release|Any CPU
		{44DA186B-4839-4683-94D4-A02064710B3E}.Release|x86.ActiveCfg = Release|Any CPU
		{44DA186B-4839-4683-94D4-A02064710B3E}.Release|x86.Build.0 = Release|Any CPU
	EndGlobalSection
EndGlobal
